
Microsoft Visual Studio Solution File, Format Version 12.00
# Visual Studio Version 17
VisualStudioVersion = 17.10.35013.160
MinimumVisualStudioVersion = 10.0.40219.1
Project("{FAE04EC0-301F-11D3-BF4B-00C04F79EFBC}") = "turnitBusiestTimeApp", "turnitBusiestTimeApp.csproj", "{946A8A4B-DE8E-4E92-BC57-F6C5A3C6707E}"
EndProject
Project("{FAE04EC0-301F-11D3-BF4B-00C04F79EFBC}") = "BusiestTimeTests", "..\BusiestTimeTests\BusiestTimeTests.csproj", "{5F520D80-5FA0-476C-862B-8F370D95A2A0}"
EndProject
Global
	GlobalSection(SolutionConfigurationPlatforms) = preSolution
		Debug|Any CPU = Debug|Any CPU
		Release|Any CPU = Release|Any CPU
	EndGlobalSection
	GlobalSection(ProjectConfigurationPlatforms) = postSolution
		{946A8A4B-DE8E-4E92-BC57-F6C5A3C6707E}.Debug|Any CPU.ActiveCfg = Debug|Any CPU
		{946A8A4B-DE8E-4E92-BC57-F6C5A3C6707E}.Debug|Any CPU.Build.0 = Debug|Any CPU
		{946A8A4B-DE8E-4E92-BC57-F6C5A3C6707E}.Release|Any CPU.ActiveCfg = Release|Any CPU
		{946A8A4B-DE8E-4E92-BC57-F6C5A3C6707E}.Release|Any CPU.Build.0 = Release|Any CPU
		{5F520D80-5FA0-476C-862B-8F370D95A2A0}.Debug|Any CPU.ActiveCfg = Debug|Any CPU
		{5F520D80-5FA0-476C-862B-8F370D95A2A0}.Debug|Any CPU.Build.0 = Debug|Any CPU
		{5F520D80-5FA0-476C-862B-8F370D95A2A0}.Release|Any CPU.ActiveCfg = Release|Any CPU
		{5F520D80-5FA0-476C-862B-8F370D95A2A0}.Release|Any CPU.Build.0 = Release|Any CPU
	EndGlobalSection
	GlobalSection(SolutionProperties) = preSolution
		HideSolutionNode = FALSE
	EndGlobalSection
	GlobalSection(ExtensibilityGlobals) = postSolution
		SolutionGuid = {9E7965F9-A771-4ADB-B601-9C4F89FB5FF9}
	EndGlobalSection
EndGlobal
